
Microsoft Visual Studio Solution File, Format Version 12.00
# Visual Studio Version 16
VisualStudioVersion = 16.0.34301.259
MinimumVisualStudioVersion = 10.0.40219.1
Project("{FAE04EC0-301F-11D3-BF4B-00C04F79EFBC}") = "DataBaseShopCA", "DataBaseShopCA\DataBaseShopCA.csproj", "{BF6F01CE-6289-4D27-A0DB-CC76F1B1420C}"
EndProject
Global
	GlobalSection(SolutionConfigurationPlatforms) = preSolution
		Debug|Any CPU = Debug|Any CPU
		Release|Any CPU = Release|Any CPU
	EndGlobalSection
	GlobalSection(ProjectConfigurationPlatforms) = postSolution
		{BF6F01CE-6289-4D27-A0DB-CC76F1B1420C}.Debug|Any CPU.ActiveCfg = Debug|Any CPU
		{BF6F01CE-6289-4D27-A0DB-CC76F1B1420C}.Debug|Any CPU.Build.0 = Debug|Any CPU
		{BF6F01CE-6289-4D27-A0DB-CC76F1B1420C}.Release|Any CPU.ActiveCfg = Release|Any CPU
		{BF6F01CE-6289-4D27-A0DB-CC76F1B1420C}.Release|Any CPU.Build.0 = Release|Any CPU
	EndGlobalSection
	GlobalSection(SolutionProperties) = preSolution
		HideSolutionNode = FALSE
	EndGlobalSection
	GlobalSection(ExtensibilityGlobals) = postSolution
		SolutionGuid = {F3D5894A-9830-4499-8F56-AA03D7163F13}
	EndGlobalSection
EndGlobal
